
Microsoft Visual Studio Solution File, Format Version 12.00
# Visual Studio Version 17
VisualStudioVersion = 17.3.32819.101
MinimumVisualStudioVersion = 10.0.40219.1
Project("{FAE04EC0-301F-11D3-BF4B-00C04F79EFBC}") = "TestDueWeek2And4", "TestDueWeek2And4\TestDueWeek2And4.csproj", "{81840449-C6E4-493D-9C90-0E5291B81D59}"
EndProject
Global
	GlobalSection(SolutionConfigurationPlatforms) = preSolution
		Debug|Any CPU = Debug|Any CPU
		Release|Any CPU = Release|Any CPU
	EndGlobalSection
	GlobalSection(ProjectConfigurationPlatforms) = postSolution
		{81840449-C6E4-493D-9C90-0E5291B81D59}.Debug|Any CPU.ActiveCfg = Debug|Any CPU
		{81840449-C6E4-493D-9C90-0E5291B81D59}.Debug|Any CPU.Build.0 = Debug|Any CPU
		{81840449-C6E4-493D-9C90-0E5291B81D59}.Release|Any CPU.ActiveCfg = Release|Any CPU
		{81840449-C6E4-493D-9C90-0E5291B81D59}.Release|Any CPU.Build.0 = Release|Any CPU
	EndGlobalSection
	GlobalSection(SolutionProperties) = preSolution
		HideSolutionNode = FALSE
	EndGlobalSection
	GlobalSection(ExtensibilityGlobals) = postSolution
		SolutionGuid = {16C45034-F49B-467A-85B9-47A93AC0E8D3}
	EndGlobalSection
EndGlobal
